// !$*UTF8*$!
{
	archiveVersion = 1;
	classes = {
	};
	objectVersion = 50;
	objects = {

/* Begin PBXBuildFile section */
		05110F9B243E2B0500D025B9 /* Furry.mm in Sources */ = {isa = PBXBuildFile; fileRef = 05110F9A243E2B0500D025B9 /* Furry.mm */; };
		05110F9C243E2B0500D025B9 /* Furry.h in CopyFiles */ = {isa = PBXBuildFile; fileRef = 05110F99243E2B0500D025B9 /* Furry.h */; };
		052CEE40243E2F7000022ADC /* vedis.cpp in Sources */ = {isa = PBXBuildFile; fileRef = 052CEE3E243E2F7000022ADC /* vedis.cpp */; };
		052CEE48243EA31800022ADC /* sqlite.cpp in Sources */ = {isa = PBXBuildFile; fileRef = 052CEE46243EA31800022ADC /* sqlite.cpp */; };
		052CEE51243EB60A00022ADC /* analytics.cpp in Sources */ = {isa = PBXBuildFile; fileRef = 052CEE4F243EB60A00022ADC /* analytics.cpp */; };
		052CEE54243EB63800022ADC /* fs.cpp in Sources */ = {isa = PBXBuildFile; fileRef = 052CEE52243EB63800022ADC /* fs.cpp */; };
		69FF59662ED78ECF8E5670B3 /* libPods-Furry.a in Frameworks */ = {isa = PBXBuildFile; fileRef = 31DC95793BFD49EB2D78AEE4 /* libPods-Furry.a */; };
/* End PBXBuildFile section */

/* Begin PBXCopyFilesBuildPhase section */
		05110F94243E2B0500D025B9 /* CopyFiles */ = {
			isa = PBXCopyFilesBuildPhase;
			buildActionMask = 2147483647;
			dstPath = "include/$(PRODUCT_NAME)";
			dstSubfolderSpec = 16;
			files = (
				05110F9C243E2B0500D025B9 /* Furry.h in CopyFiles */,
			);
			runOnlyForDeploymentPostprocessing = 0;
		};
/* End PBXCopyFilesBuildPhase section */

/* Begin PBXFileReference section */
		05110F96243E2B0500D025B9 /* libFurry.a */ = {isa = PBXFileReference; explicitFileType = archive.ar; includeInIndex = 0; path = libFurry.a; sourceTree = BUILT_PRODUCTS_DIR; };
		05110F99243E2B0500D025B9 /* Furry.h */ = {isa = PBXFileReference; lastKnownFileType = sourcecode.c.h; path = Furry.h; sourceTree = "<group>"; };
		05110F9A243E2B0500D025B9 /* Furry.mm */ = {isa = PBXFileReference; lastKnownFileType = sourcecode.cpp.objcpp; path = Furry.mm; sourceTree = "<group>"; };
		052CEE3E243E2F7000022ADC /* vedis.cpp */ = {isa = PBXFileReference; lastKnownFileType = sourcecode.cpp.cpp; path = vedis.cpp; sourceTree = "<group>"; };
		052CEE3F243E2F7000022ADC /* vedis.h */ = {isa = PBXFileReference; lastKnownFileType = sourcecode.c.h; path = vedis.h; sourceTree = "<group>"; };
		052CEE44243E957000022ADC /* furry-internal.h */ = {isa = PBXFileReference; lastKnownFileType = sourcecode.c.h; path = "furry-internal.h"; sourceTree = "<group>"; };
		052CEE45243EA26900022ADC /* modules.h */ = {isa = PBXFileReference; lastKnownFileType = sourcecode.c.h; path = modules.h; sourceTree = "<group>"; };
		052CEE46243EA31800022ADC /* sqlite.cpp */ = {isa = PBXFileReference; lastKnownFileType = sourcecode.cpp.cpp; path = sqlite.cpp; sourceTree = "<group>"; };
		052CEE47243EA31800022ADC /* sqlite.h */ = {isa = PBXFileReference; lastKnownFileType = sourcecode.c.h; path = sqlite.h; sourceTree = "<group>"; };
		052CEE4F243EB60A00022ADC /* analytics.cpp */ = {isa = PBXFileReference; lastKnownFileType = sourcecode.cpp.cpp; path = analytics.cpp; sourceTree = "<group>"; };
		052CEE50243EB60A00022ADC /* analytics.h */ = {isa = PBXFileReference; lastKnownFileType = sourcecode.c.h; path = analytics.h; sourceTree = "<group>"; };
		052CEE52243EB63800022ADC /* fs.cpp */ = {isa = PBXFileReference; lastKnownFileType = sourcecode.cpp.cpp; path = fs.cpp; sourceTree = "<group>"; };
		052CEE53243EB63800022ADC /* fs.h */ = {isa = PBXFileReference; lastKnownFileType = sourcecode.c.h; path = fs.h; sourceTree = "<group>"; };
		31DC95793BFD49EB2D78AEE4 /* libPods-Furry.a */ = {isa = PBXFileReference; explicitFileType = archive.ar; includeInIndex = 0; path = "libPods-Furry.a"; sourceTree = BUILT_PRODUCTS_DIR; };
		47E952A83636DD505367B884 /* Pods-Furry.release.xcconfig */ = {isa = PBXFileReference; includeInIndex = 1; lastKnownFileType = text.xcconfig; name = "Pods-Furry.release.xcconfig"; path = "Target Support Files/Pods-Furry/Pods-Furry.release.xcconfig"; sourceTree = "<group>"; };
		B52B3DCD125993399A8F5C87 /* Pods-Furry.debug.xcconfig */ = {isa = PBXFileReference; includeInIndex = 1; lastKnownFileType = text.xcconfig; name = "Pods-Furry.debug.xcconfig"; path = "Target Support Files/Pods-Furry/Pods-Furry.debug.xcconfig"; sourceTree = "<group>"; };
/* End PBXFileReference section */

/* Begin PBXFrameworksBuildPhase section */
		05110F93243E2B0500D025B9 /* Frameworks */ = {
			isa = PBXFrameworksBuildPhase;
			buildActionMask = 2147483647;
			files = (
				69FF59662ED78ECF8E5670B3 /* libPods-Furry.a in Frameworks */,
			);
			runOnlyForDeploymentPostprocessing = 0;
		};
/* End PBXFrameworksBuildPhase section */

/* Begin PBXGroup section */
		05110F8D243E2B0500D025B9 = {
			isa = PBXGroup;
			children = (
				05110F98243E2B0500D025B9 /* Furry */,
				05110F97243E2B0500D025B9 /* Products */,
				652CB942734BF710CAC96FE0 /* Pods */,
				B36E7F3726F4CA02D45733FE /* Frameworks */,
			);
			sourceTree = "<group>";
		};
		05110F97243E2B0500D025B9 /* Products */ = {
			isa = PBXGroup;
			children = (
				05110F96243E2B0500D025B9 /* libFurry.a */,
			);
			name = Products;
			sourceTree = "<group>";
		};
		05110F98243E2B0500D025B9 /* Furry */ = {
			isa = PBXGroup;
			children = (
				05110F99243E2B0500D025B9 /* Furry.h */,
				05110F9A243E2B0500D025B9 /* Furry.mm */,
				052CEE44243E957000022ADC /* furry-internal.h */,
				052CEE45243EA26900022ADC /* modules.h */,
				052CEE3E243E2F7000022ADC /* vedis.cpp */,
				052CEE3F243E2F7000022ADC /* vedis.h */,
				052CEE46243EA31800022ADC /* sqlite.cpp */,
				052CEE47243EA31800022ADC /* sqlite.h */,
				052CEE4F243EB60A00022ADC /* analytics.cpp */,
				052CEE50243EB60A00022ADC /* analytics.h */,
				052CEE52243EB63800022ADC /* fs.cpp */,
				052CEE53243EB63800022ADC /* fs.h */,
			);
			path = Furry;
			sourceTree = "<group>";
		};
		652CB942734BF710CAC96FE0 /* Pods */ = {
			isa = PBXGroup;
			children = (
				B52B3DCD125993399A8F5C87 /* Pods-Furry.debug.xcconfig */,
				47E952A83636DD505367B884 /* Pods-Furry.release.xcconfig */,
			);
			path = Pods;
			sourceTree = "<group>";
		};
		B36E7F3726F4CA02D45733FE /* Frameworks */ = {
			isa = PBXGroup;
			children = (
				31DC95793BFD49EB2D78AEE4 /* libPods-Furry.a */,
			);
			name = Frameworks;
			sourceTree = "<group>";
		};
/* End PBXGroup section */

/* Begin PBXNativeTarget section */
		05110F95243E2B0500D025B9 /* Furry */ = {
			isa = PBXNativeTarget;
			buildConfigurationList = 05110F9F243E2B0500D025B9 /* Build configuration list for PBXNativeTarget "Furry" */;
			buildPhases = (
				ACB413DC56B10401538566BF /* [CP] Check Pods Manifest.lock */,
				05110F92243E2B0500D025B9 /* Sources */,
				05110F93243E2B0500D025B9 /* Frameworks */,
				05110F94243E2B0500D025B9 /* CopyFiles */,
			);
			buildRules = (
			);
			dependencies = (
			);
			name = Furry;
			productName = Furry;
			productReference = 05110F96243E2B0500D025B9 /* libFurry.a */;
			productType = "com.apple.product-type.library.static";
		};
/* End PBXNativeTarget section */

/* Begin PBXProject section */
		05110F8E243E2B0500D025B9 /* Project object */ = {
			isa = PBXProject;
			attributes = {
				LastUpgradeCheck = 1110;
				ORGANIZATIONNAME = "Beijing Tuiwen Information Technology Company";
				TargetAttributes = {
					05110F95243E2B0500D025B9 = {
						CreatedOnToolsVersion = 11.1;
					};
				};
			};
			buildConfigurationList = 05110F91243E2B0500D025B9 /* Build configuration list for PBXProject "Furry" */;
			compatibilityVersion = "Xcode 9.3";
			developmentRegion = en;
			hasScannedForEncodings = 0;
			knownRegions = (
				en,
				Base,
			);
			mainGroup = 05110F8D243E2B0500D025B9;
			productRefGroup = 05110F97243E2B0500D025B9 /* Products */;
			projectDirPath = "";
			projectRoot = "";
			targets = (
				05110F95243E2B0500D025B9 /* Furry */,
			);
		};
/* End PBXProject section */

/* Begin PBXShellScriptBuildPhase section */
		ACB413DC56B10401538566BF /* [CP] Check Pods Manifest.lock */ = {
			isa = PBXShellScriptBuildPhase;
			buildActionMask = 2147483647;
			files = (
			);
			inputFileListPaths = (
			);
			inputPaths = (
				"${PODS_PODFILE_DIR_PATH}/Podfile.lock",
				"${PODS_ROOT}/Manifest.lock",
			);
			name = "[CP] Check Pods Manifest.lock";
			outputFileListPaths = (
			);
			outputPaths = (
				"$(DERIVED_FILE_DIR)/Pods-Furry-checkManifestLockResult.txt",
			);
			runOnlyForDeploymentPostprocessing = 0;
			shellPath = /bin/sh;
			shellScript = "diff \"${PODS_PODFILE_DIR_PATH}/Podfile.lock\" \"${PODS_ROOT}/Manifest.lock\" > /dev/null\nif [ $? != 0 ] ; then\n    # print error to STDERR\n    echo \"error: The sandbox is not in sync with the Podfile.lock. Run 'pod install' or update your CocoaPods installation.\" >&2\n    exit 1\nfi\n# This output is used by Xcode 'outputs' to avoid re-running this script phase.\necho \"SUCCESS\" > \"${SCRIPT_OUTPUT_FILE_0}\"\n";
			showEnvVarsInLog = 0;
		};
/* End PBXShellScriptBuildPhase section */

/* Begin PBXSourcesBuildPhase section */
		05110F92243E2B0500D025B9 /* Sources */ = {
			isa = PBXSourcesBuildPhase;
			buildActionMask = 2147483647;
			files = (
				052CEE54243EB63800022ADC /* fs.cpp in Sources */,
				05110F9B243E2B0500D025B9 /* Furry.mm in Sources */,
				052CEE48243EA31800022ADC /* sqlite.cpp in Sources */,
				052CEE51243EB60A00022ADC /* analytics.cpp in Sources */,
				052CEE40243E2F7000022ADC /* vedis.cpp in Sources */,
			);
			runOnlyForDeploymentPostprocessing = 0;
		};
/* End PBXSourcesBuildPhase section */

/* Begin XCBuildConfiguration section */
		05110F9D243E2B0500D025B9 /* Debug */ = {
			isa = XCBuildConfiguration;
			buildSettings = {
				ALWAYS_SEARCH_USER_PATHS = NO;
				CLANG_ANALYZER_NONNULL = YES;
				CLANG_ANALYZER_NUMBER_OBJECT_CONVERSION = YES_AGGRESSIVE;
				CLANG_CXX_LANGUAGE_STANDARD = "gnu++14";
				CLANG_CXX_LIBRARY = "libc++";
				CLANG_ENABLE_MODULES = NO;
				CLANG_ENABLE_OBJC_ARC = YES;
				CLANG_ENABLE_OBJC_WEAK = YES;
				CLANG_WARN_BLOCK_CAPTURE_AUTORELEASING = YES;
				CLANG_WARN_BOOL_CONVERSION = YES;
				CLANG_WARN_COMMA = YES;
				CLANG_WARN_CONSTANT_CONVERSION = YES;
				CLANG_WARN_DEPRECATED_OBJC_IMPLEMENTATIONS = YES;
				CLANG_WARN_DIRECT_OBJC_ISA_USAGE = YES_ERROR;
				CLANG_WARN_DOCUMENTATION_COMMENTS = YES;
				CLANG_WARN_EMPTY_BODY = YES;
				CLANG_WARN_ENUM_CONVERSION = YES;
				CLANG_WARN_INFINITE_RECURSION = YES;
				CLANG_WARN_INT_CONVERSION = YES;
				CLANG_WARN_NON_LITERAL_NULL_CONVERSION = YES;
				CLANG_WARN_OBJC_IMPLICIT_RETAIN_SELF = YES;
				CLANG_WARN_OBJC_LITERAL_CONVERSION = YES;
				CLANG_WARN_OBJC_ROOT_CLASS = YES_ERROR;
				CLANG_WARN_RANGE_LOOP_ANALYSIS = YES;
				CLANG_WARN_STRICT_PROTOTYPES = YES;
				CLANG_WARN_SUSPICIOUS_MOVE = YES;
				CLANG_WARN_UNGUARDED_AVAILABILITY = YES_AGGRESSIVE;
				CLANG_WARN_UNREACHABLE_CODE = YES;
				CLANG_WARN__DUPLICATE_METHOD_MATCH = YES;
				COPY_PHASE_STRIP = NO;
				DEBUG_INFORMATION_FORMAT = dwarf;
				ENABLE_STRICT_OBJC_MSGSEND = YES;
				ENABLE_TESTABILITY = YES;
				GCC_C_LANGUAGE_STANDARD = gnu11;
				GCC_DYNAMIC_NO_PIC = NO;
				GCC_NO_COMMON_BLOCKS = YES;
				GCC_OPTIMIZATION_LEVEL = 0;
				GCC_PREPROCESSOR_DEFINITIONS = (
					"DEBUG=1",
					"$(inherited)",
				);
				GCC_WARN_64_TO_32_BIT_CONVERSION = YES;
				GCC_WARN_ABOUT_RETURN_TYPE = YES_ERROR;
				GCC_WARN_UNDECLARED_SELECTOR = YES;
				GCC_WARN_UNINITIALIZED_AUTOS = YES_AGGRESSIVE;
				GCC_WARN_UNUSED_FUNCTION = YES;
				GCC_WARN_UNUSED_VARIABLE = YES;
				IPHONEOS_DEPLOYMENT_TARGET = 13.1;
				MTL_ENABLE_DEBUG_INFO = INCLUDE_SOURCE;
				MTL_FAST_MATH = YES;
				ONLY_ACTIVE_ARCH = YES;
				SDKROOT = iphoneos;
			};
			name = Debug;
		};
		05110F9E243E2B0500D025B9 /* Release */ = {
			isa = XCBuildConfiguration;
			buildSettings = {
				ALWAYS_SEARCH_USER_PATHS = NO;
				CLANG_ANALYZER_NONNULL = YES;
				CLANG_ANALYZER_NUMBER_OBJECT_CONVERSION = YES_AGGRESSIVE;
				CLANG_CXX_LANGUAGE_STANDARD = "gnu++14";
				CLANG_CXX_LIBRARY = "libc++";
				CLANG_ENABLE_MODULES = NO;
				CLANG_ENABLE_OBJC_ARC = YES;
				CLANG_ENABLE_OBJC_WEAK = YES;
				CLANG_WARN_BLOCK_CAPTURE_AUTORELEASING = YES;
				CLANG_WARN_BOOL_CONVERSION = YES;
				CLANG_WARN_COMMA = YES;
				CLANG_WARN_CONSTANT_CONVERSION = YES;
				CLANG_WARN_DEPRECATED_OBJC_IMPLEMENTATIONS = YES;
				CLANG_WARN_DIRECT_OBJC_ISA_USAGE = YES_ERROR;
				CLANG_WARN_DOCUMENTATION_COMMENTS = YES;
				CLANG_WARN_EMPTY_BODY = YES;
				CLANG_WARN_ENUM_CONVERSION = YES;
				CLANG_WARN_INFINITE_RECURSION = YES;
				CLANG_WARN_INT_CONVERSION = YES;
				CLANG_WARN_NON_LITERAL_NULL_CONVERSION = YES;
				CLANG_WARN_OBJC_IMPLICIT_RETAIN_SELF = YES;
				CLANG_WARN_OBJC_LITERAL_CONVERSION = YES;
				CLANG_WARN_OBJC_ROOT_CLASS = YES_ERROR;
				CLANG_WARN_RANGE_LOOP_ANALYSIS = YES;
				CLANG_WARN_STRICT_PROTOTYPES = YES;
				CLANG_WARN_SUSPICIOUS_MOVE = YES;
				CLANG_WARN_UNGUARDED_AVAILABILITY = YES_AGGRESSIVE;
				CLANG_WARN_UNREACHABLE_CODE = YES;
				CLANG_WARN__DUPLICATE_METHOD_MATCH = YES;
				COPY_PHASE_STRIP = NO;
				DEBUG_INFORMATION_FORMAT = "dwarf-with-dsym";
				ENABLE_NS_ASSERTIONS = NO;
				ENABLE_STRICT_OBJC_MSGSEND = YES;
				GCC_C_LANGUAGE_STANDARD = gnu11;
				GCC_NO_COMMON_BLOCKS = YES;
				GCC_WARN_64_TO_32_BIT_CONVERSION = YES;
				GCC_WARN_ABOUT_RETURN_TYPE = YES_ERROR;
				GCC_WARN_UNDECLARED_SELECTOR = YES;
				GCC_WARN_UNINITIALIZED_AUTOS = YES_AGGRESSIVE;
				GCC_WARN_UNUSED_FUNCTION = YES;
				GCC_WARN_UNUSED_VARIABLE = YES;
				IPHONEOS_DEPLOYMENT_TARGET = 13.1;
				MTL_ENABLE_DEBUG_INFO = NO;
				MTL_FAST_MATH = YES;
				SDKROOT = iphoneos;
				VALIDATE_PRODUCT = YES;
			};
			name = Release;
		};
		05110FA0243E2B0500D025B9 /* Debug */ = {
			isa = XCBuildConfiguration;
			baseConfigurationReference = B52B3DCD125993399A8F5C87 /* Pods-Furry.debug.xcconfig */;
			buildSettings = {
				CODE_SIGN_STYLE = Automatic;
				DEVELOPMENT_TEAM = 8YRXAA387N;
				HEADER_SEARCH_PATHS = (
					"$(inherited)",
					"\"${PODS_ROOT}/Headers/Public\"",
					"\"${PODS_ROOT}/Headers/Public/CocoaAsyncSocket\"",
					"\"${PODS_ROOT}/Headers/Public/CocoaLibEvent\"",
					"\"${PODS_ROOT}/Headers/Public/DoubleConversion\"",
					"\"${PODS_ROOT}/Headers/Public/FBLazyVector\"",
					"\"${PODS_ROOT}/Headers/Public/FBReactNativeSpec\"",
					"\"${PODS_ROOT}/Headers/Public/Flipper\"",
					"\"${PODS_ROOT}/Headers/Public/Flipper-DoubleConversion\"",
					"\"${PODS_ROOT}/Headers/Public/Flipper-Folly\"",
					"\"${PODS_ROOT}/Headers/Public/Flipper-Glog\"",
					"\"${PODS_ROOT}/Headers/Public/Flipper-PeerTalk\"",
					"\"${PODS_ROOT}/Headers/Public/Flipper-RSocket\"",
					"\"${PODS_ROOT}/Headers/Public/FlipperKit\"",
					"\"${PODS_ROOT}/Headers/Public/OpenSSL-Universal\"",
					"\"${PODS_ROOT}/Headers/Public/RCTRequired\"",
					"\"${PODS_ROOT}/Headers/Public/RCTTypeSafety\"",
					"\"${PODS_ROOT}/Headers/Public/React-Core\"",
					"\"${PODS_ROOT}/Headers/Public/React-RCTText\"",
					"\"${PODS_ROOT}/Headers/Public/React-cxxreact\"",
					"\"${PODS_ROOT}/Headers/Public/React-jsi\"",
					"\"${PODS_ROOT}/Headers/Public/React-jsiexecutor\"",
					"\"${PODS_ROOT}/Headers/Public/React-jsinspector\"",
					"\"${PODS_ROOT}/Headers/Public/ReactCommon\"",
					"\"${PODS_ROOT}/Headers/Public/Yoga\"",
					"\"${PODS_ROOT}/Headers/Public/YogaKit\"",
					"\"${PODS_ROOT}/Headers/Public/glog\"",
					"\"$(PODS_ROOT)/Headers/Private/React-Core\"",
					"\"$(PODS_ROOT)/boost-for-react-native\"",
				);
				OTHER_CFLAGS = (
					"$(inherited)",
					"-fmodule-map-file=\"${PODS_ROOT}/Headers/Public/yoga/Yoga.modulemap\"",
					"-DFOLLY_NO_CONFIG",
					"-DFOLLY_MOBILE=1",
					"-DFOLLY_USE_LIBCPP=1",
					"-Wno-comma",
					"-Wno-shorten-64-to-32",
					"-Wno-documentation",
				);
				OTHER_LDFLAGS = (
					"$(inherited)",
					"-ObjC",
				);
				PRODUCT_NAME = "$(TARGET_NAME)";
				SKIP_INSTALL = YES;
				TARGETED_DEVICE_FAMILY = "1,2";
			};
			name = Debug;
		};
		05110FA1243E2B0500D025B9 /* Release */ = {
			isa = XCBuildConfiguration;
			baseConfigurationReference = 47E952A83636DD505367B884 /* Pods-Furry.release.xcconfig */;
			buildSettings = {
				CODE_SIGN_STYLE = Automatic;
				DEVELOPMENT_TEAM = 8YRXAA387N;
				HEADER_SEARCH_PATHS = (
					"$(inherited)",
					"\"${PODS_ROOT}/Headers/Public\"",
					"\"${PODS_ROOT}/Headers/Public/CocoaAsyncSocket\"",
					"\"${PODS_ROOT}/Headers/Public/CocoaLibEvent\"",
					"\"${PODS_ROOT}/Headers/Public/DoubleConversion\"",
					"\"${PODS_ROOT}/Headers/Public/FBLazyVector\"",
					"\"${PODS_ROOT}/Headers/Public/FBReactNativeSpec\"",
					"\"${PODS_ROOT}/Headers/Public/Flipper\"",
					"\"${PODS_ROOT}/Headers/Public/Flipper-DoubleConversion\"",
					"\"${PODS_ROOT}/Headers/Public/Flipper-Folly\"",
					"\"${PODS_ROOT}/Headers/Public/Flipper-Glog\"",
					"\"${PODS_ROOT}/Headers/Public/Flipper-PeerTalk\"",
					"\"${PODS_ROOT}/Headers/Public/Flipper-RSocket\"",
					"\"${PODS_ROOT}/Headers/Public/FlipperKit\"",
					"\"${PODS_ROOT}/Headers/Public/OpenSSL-Universal\"",
					"\"${PODS_ROOT}/Headers/Public/RCTRequired\"",
					"\"${PODS_ROOT}/Headers/Public/RCTTypeSafety\"",
					"\"${PODS_ROOT}/Headers/Public/React-Core\"",
					"\"${PODS_ROOT}/Headers/Public/React-RCTText\"",
					"\"${PODS_ROOT}/Headers/Public/React-cxxreact\"",
					"\"${PODS_ROOT}/Headers/Public/React-jsi\"",
					"\"${PODS_ROOT}/Headers/Public/React-jsiexecutor\"",
					"\"${PODS_ROOT}/Headers/Public/React-jsinspector\"",
					"\"${PODS_ROOT}/Headers/Public/ReactCommon\"",
					"\"${PODS_ROOT}/Headers/Public/Yoga\"",
					"\"${PODS_ROOT}/Headers/Public/YogaKit\"",
					"\"${PODS_ROOT}/Headers/Public/glog\"",
					"\"$(PODS_ROOT)/Headers/Private/React-Core\"",
					"\"$(PODS_ROOT)/boost-for-react-native\"",
				);
				OTHER_CFLAGS = (
					"$(inherited)",
					"-fmodule-map-file=\"${PODS_ROOT}/Headers/Public/yoga/Yoga.modulemap\"",
					"-DFOLLY_NO_CONFIG",
					"-DFOLLY_MOBILE=1",
					"-DFOLLY_USE_LIBCPP=1",
					"-Wno-comma",
					"-Wno-shorten-64-to-32",
					"-Wno-documentation",
				);
				OTHER_LDFLAGS = (
					"$(inherited)",
					"-ObjC",
				);
				PRODUCT_NAME = "$(TARGET_NAME)";
				SKIP_INSTALL = YES;
				TARGETED_DEVICE_FAMILY = "1,2";
			};
			name = Release;
		};
/* End XCBuildConfiguration section */

/* Begin XCConfigurationList section */
		05110F91243E2B0500D025B9 /* Build configuration list for PBXProject "Furry" */ = {
			isa = XCConfigurationList;
			buildConfigurations = (
				05110F9D243E2B0500D025B9 /* Debug */,
				05110F9E243E2B0500D025B9 /* Release */,
			);
			defaultConfigurationIsVisible = 0;
			defaultConfigurationName = Release;
		};
		05110F9F243E2B0500D025B9 /* Build configuration list for PBXNativeTarget "Furry" */ = {
			isa = XCConfigurationList;
			buildConfigurations = (
				05110FA0243E2B0500D025B9 /* Debug */,
				05110FA1243E2B0500D025B9 /* Release */,
			);
			defaultConfigurationIsVisible = 0;
			defaultConfigurationName = Release;
		};
/* End XCConfigurationList section */
	};
	rootObject = 05110F8E243E2B0500D025B9 /* Project object */;
}
